
Microsoft Visual Studio Solution File, Format Version 12.00
# Visual Studio Version 17
VisualStudioVersion = 17.2.32630.192
MinimumVisualStudioVersion = 10.0.40219.1
Project("{9A19103F-16F7-4668-BE54-9A1E7A4F7556}") = "Singleton", "Singleton\Singleton.csproj", "{25737C1F-00B1-4DD1-A2B2-A5C29FDE8DB0}"
EndProject
Project("{9A19103F-16F7-4668-BE54-9A1E7A4F7556}") = "FactoryMethod", "FactoryMethod\FactoryMethod.csproj", "{EB7AC3B4-41AB-4036-B70F-175ACAB77AD9}"
EndProject
Project("{9A19103F-16F7-4668-BE54-9A1E7A4F7556}") = "AbstractFactory", "AbstractFactory\AbstractFactory.csproj", "{47B40921-DC36-4490-B302-57D4778B0DE6}"
EndProject
Project("{9A19103F-16F7-4668-BE54-9A1E7A4F7556}") = "Builder", "Builder\Builder.csproj", "{C6165E03-C537-406F-9894-7D9CCA4F954F}"
EndProject
Project("{9A19103F-16F7-4668-BE54-9A1E7A4F7556}") = "Prototype", "Prototype\Prototype.csproj", "{3FA745A9-B324-495A-8D69-17E23EED26E2}"
EndProject
Project("{9A19103F-16F7-4668-BE54-9A1E7A4F7556}") = "Facade", "Facade\Facade.csproj", "{EACE74A3-A476-43DF-A00F-AC2C30C1864F}"
EndProject
Project("{9A19103F-16F7-4668-BE54-9A1E7A4F7556}") = "Adapter", "Adapter\Adapter.csproj", "{01BF6852-5C5A-4B1C-9F6A-285D5E9FB3E4}"
EndProject
Project("{FAE04EC0-301F-11D3-BF4B-00C04F79EFBC}") = "Composite", "Composite\Composite.csproj", "{EE8B456A-211F-4819-898D-D86288231E17}"
EndProject
Project("{FAE04EC0-301F-11D3-BF4B-00C04F79EFBC}") = "Proxy", "Proxy\Proxy.csproj", "{53C00FD6-A479-4945-A08E-8B42FDD209BA}"
EndProject
Project("{FAE04EC0-301F-11D3-BF4B-00C04F79EFBC}") = "Decorator", "Decorator\Decorator.csproj", "{A1036733-9642-4ACB-8381-7D1B88B135D4}"
EndProject
Project("{FAE04EC0-301F-11D3-BF4B-00C04F79EFBC}") = "Bridge", "Bridge\Bridge.csproj", "{82605037-FEBF-42D9-8DA5-FD8154B8A65D}"
EndProject
Project("{FAE04EC0-301F-11D3-BF4B-00C04F79EFBC}") = "Flyweight", "Flyweight\Flyweight.csproj", "{1838F087-7E6B-47E1-871E-9ADAA99EEDE1}"
EndProject
Project("{FAE04EC0-301F-11D3-BF4B-00C04F79EFBC}") = "Strategy", "Strategy\Strategy.csproj", "{0364EB92-9640-43A8-A461-F11A06D9A4D8}"
EndProject
Project("{FAE04EC0-301F-11D3-BF4B-00C04F79EFBC}") = "Observer", "Observer\Observer.csproj", "{FFE6F2E1-D1AB-476A-8BB9-009BF37A42DE}"
EndProject
Project("{FAE04EC0-301F-11D3-BF4B-00C04F79EFBC}") = "ChainOfResponsibility", "ChainOfResponsibility\ChainOfResponsibility.csproj", "{48D0BF40-7442-4AF3-8DA0-80FE27299730}"
EndProject
Project("{FAE04EC0-301F-11D3-BF4B-00C04F79EFBC}") = "Memento", "Memento\Memento.csproj", "{44742FDE-2D46-4642-9D3A-4C67091B8FA7}"
EndProject
Project("{FAE04EC0-301F-11D3-BF4B-00C04F79EFBC}") = "TemplateMethod", "TemplateMethod\TemplateMethod.csproj", "{303A3CAE-A705-4C95-BCB6-87B79113ECDA}"
EndProject
Project("{FAE04EC0-301F-11D3-BF4B-00C04F79EFBC}") = "State", "State\State.csproj", "{CA855512-A846-4974-8272-FE8DFEF82E62}"
EndProject
Project("{FAE04EC0-301F-11D3-BF4B-00C04F79EFBC}") = "Mediator", "Mediator\Mediator.csproj", "{3521F2DA-31F7-4A83-86EC-DC52CA3C59E4}"
EndProject
Project("{FAE04EC0-301F-11D3-BF4B-00C04F79EFBC}") = "Command", "Command\Command.csproj", "{1B9F5549-C67A-4F80-899A-821691CC0A0B}"
EndProject
Project("{FAE04EC0-301F-11D3-BF4B-00C04F79EFBC}") = "Visitor", "Visitor\Visitor.csproj", "{AAB08EF1-1CF0-48E2-8CF7-C395DC3BE21B}"
EndProject
Project("{FAE04EC0-301F-11D3-BF4B-00C04F79EFBC}") = "DependencyInjection", "DependencyInjection\DependencyInjection.csproj", "{0CFC966F-C4FB-4071-881D-DD96641EA7F3}"
EndProject
Project("{FAE04EC0-301F-11D3-BF4B-00C04F79EFBC}") = "NullObject", "NullObject\NullObject.csproj", "{B0951011-EF6D-4475-8C57-2C44A271E5F8}"
EndProject
Project("{FAE04EC0-301F-11D3-BF4B-00C04F79EFBC}") = "Multiton", "Multiton\Multiton.csproj", "{D33CDD2E-0E15-4C90-BABA-A7C0BCBED6BE}"
EndProject
Project("{FAE04EC0-301F-11D3-BF4B-00C04F79EFBC}") = "Iterator", "Iterator\Iterator.csproj", "{742557BC-D336-435E-BC5D-28451DBC38BC}"
EndProject
Global
	GlobalSection(SolutionConfigurationPlatforms) = preSolution
		Debug|Any CPU = Debug|Any CPU
		Release|Any CPU = Release|Any CPU
	EndGlobalSection
	GlobalSection(ProjectConfigurationPlatforms) = postSolution
		{25737C1F-00B1-4DD1-A2B2-A5C29FDE8DB0}.Debug|Any CPU.ActiveCfg = Debug|Any CPU
		{25737C1F-00B1-4DD1-A2B2-A5C29FDE8DB0}.Debug|Any CPU.Build.0 = Debug|Any CPU
		{25737C1F-00B1-4DD1-A2B2-A5C29FDE8DB0}.Release|Any CPU.ActiveCfg = Release|Any CPU
		{25737C1F-00B1-4DD1-A2B2-A5C29FDE8DB0}.Release|Any CPU.Build.0 = Release|Any CPU
		{EB7AC3B4-41AB-4036-B70F-175ACAB77AD9}.Debug|Any CPU.ActiveCfg = Debug|Any CPU
		{EB7AC3B4-41AB-4036-B70F-175ACAB77AD9}.Debug|Any CPU.Build.0 = Debug|Any CPU
		{EB7AC3B4-41AB-4036-B70F-175ACAB77AD9}.Release|Any CPU.ActiveCfg = Release|Any CPU
		{EB7AC3B4-41AB-4036-B70F-175ACAB77AD9}.Release|Any CPU.Build.0 = Release|Any CPU
		{47B40921-DC36-4490-B302-57D4778B0DE6}.Debug|Any CPU.ActiveCfg = Debug|Any CPU
		{47B40921-DC36-4490-B302-57D4778B0DE6}.Debug|Any CPU.Build.0 = Debug|Any CPU
		{47B40921-DC36-4490-B302-57D4778B0DE6}.Release|Any CPU.ActiveCfg = Release|Any CPU
		{47B40921-DC36-4490-B302-57D4778B0DE6}.Release|Any CPU.Build.0 = Release|Any CPU
		{C6165E03-C537-406F-9894-7D9CCA4F954F}.Debug|Any CPU.ActiveCfg = Debug|Any CPU
		{C6165E03-C537-406F-9894-7D9CCA4F954F}.Debug|Any CPU.Build.0 = Debug|Any CPU
		{C6165E03-C537-406F-9894-7D9CCA4F954F}.Release|Any CPU.ActiveCfg = Release|Any CPU
		{C6165E03-C537-406F-9894-7D9CCA4F954F}.Release|Any CPU.Build.0 = Release|Any CPU
		{3FA745A9-B324-495A-8D69-17E23EED26E2}.Debug|Any CPU.ActiveCfg = Debug|Any CPU
		{3FA745A9-B324-495A-8D69-17E23EED26E2}.Debug|Any CPU.Build.0 = Debug|Any CPU
		{3FA745A9-B324-495A-8D69-17E23EED26E2}.Release|Any CPU.ActiveCfg = Release|Any CPU
		{3FA745A9-B324-495A-8D69-17E23EED26E2}.Release|Any CPU.Build.0 = Release|Any CPU
		{EACE74A3-A476-43DF-A00F-AC2C30C1864F}.Debug|Any CPU.ActiveCfg = Debug|Any CPU
		{EACE74A3-A476-43DF-A00F-AC2C30C1864F}.Debug|Any CPU.Build.0 = Debug|Any CPU
		{EACE74A3-A476-43DF-A00F-AC2C30C1864F}.Release|Any CPU.ActiveCfg = Release|Any CPU
		{EACE74A3-A476-43DF-A00F-AC2C30C1864F}.Release|Any CPU.Build.0 = Release|Any CPU
		{01BF6852-5C5A-4B1C-9F6A-285D5E9FB3E4}.Debug|Any CPU.ActiveCfg = Debug|Any CPU
		{01BF6852-5C5A-4B1C-9F6A-285D5E9FB3E4}.Debug|Any CPU.Build.0 = Debug|Any CPU
		{01BF6852-5C5A-4B1C-9F6A-285D5E9FB3E4}.Release|Any CPU.ActiveCfg = Release|Any CPU
		{01BF6852-5C5A-4B1C-9F6A-285D5E9FB3E4}.Release|Any CPU.Build.0 = Release|Any CPU
		{EE8B456A-211F-4819-898D-D86288231E17}.Debug|Any CPU.ActiveCfg = Debug|Any CPU
		{EE8B456A-211F-4819-898D-D86288231E17}.Debug|Any CPU.Build.0 = Debug|Any CPU
		{EE8B456A-211F-4819-898D-D86288231E17}.Release|Any CPU.ActiveCfg = Release|Any CPU
		{EE8B456A-211F-4819-898D-D86288231E17}.Release|Any CPU.Build.0 = Release|Any CPU
		{53C00FD6-A479-4945-A08E-8B42FDD209BA}.Debug|Any CPU.ActiveCfg = Debug|Any CPU
		{53C00FD6-A479-4945-A08E-8B42FDD209BA}.Debug|Any CPU.Build.0 = Debug|Any CPU
		{53C00FD6-A479-4945-A08E-8B42FDD209BA}.Release|Any CPU.ActiveCfg = Release|Any CPU
		{53C00FD6-A479-4945-A08E-8B42FDD209BA}.Release|Any CPU.Build.0 = Release|Any CPU
		{A1036733-9642-4ACB-8381-7D1B88B135D4}.Debug|Any CPU.ActiveCfg = Debug|Any CPU
		{A1036733-9642-4ACB-8381-7D1B88B135D4}.Debug|Any CPU.Build.0 = Debug|Any CPU
		{A1036733-9642-4ACB-8381-7D1B88B135D4}.Release|Any CPU.ActiveCfg = Release|Any CPU
		{A1036733-9642-4ACB-8381-7D1B88B135D4}.Release|Any CPU.Build.0 = Release|Any CPU
		{82605037-FEBF-42D9-8DA5-FD8154B8A65D}.Debug|Any CPU.ActiveCfg = Debug|Any CPU
		{82605037-FEBF-42D9-8DA5-FD8154B8A65D}.Debug|Any CPU.Build.0 = Debug|Any CPU
		{82605037-FEBF-42D9-8DA5-FD8154B8A65D}.Release|Any CPU.ActiveCfg = Release|Any CPU
		{82605037-FEBF-42D9-8DA5-FD8154B8A65D}.Release|Any CPU.Build.0 = Release|Any CPU
		{1838F087-7E6B-47E1-871E-9ADAA99EEDE1}.Debug|Any CPU.ActiveCfg = Debug|Any CPU
		{1838F087-7E6B-47E1-871E-9ADAA99EEDE1}.Debug|Any CPU.Build.0 = Debug|Any CPU
		{1838F087-7E6B-47E1-871E-9ADAA99EEDE1}.Release|Any CPU.ActiveCfg = Release|Any CPU
		{1838F087-7E6B-47E1-871E-9ADAA99EEDE1}.Release|Any CPU.Build.0 = Release|Any CPU
		{0364EB92-9640-43A8-A461-F11A06D9A4D8}.Debug|Any CPU.ActiveCfg = Debug|Any CPU
		{0364EB92-9640-43A8-A461-F11A06D9A4D8}.Debug|Any CPU.Build.0 = Debug|Any CPU
		{0364EB92-9640-43A8-A461-F11A06D9A4D8}.Release|Any CPU.ActiveCfg = Release|Any CPU
		{0364EB92-9640-43A8-A461-F11A06D9A4D8}.Release|Any CPU.Build.0 = Release|Any CPU
		{FFE6F2E1-D1AB-476A-8BB9-009BF37A42DE}.Debug|Any CPU.ActiveCfg = Debug|Any CPU
		{FFE6F2E1-D1AB-476A-8BB9-009BF37A42DE}.Debug|Any CPU.Build.0 = Debug|Any CPU
		{FFE6F2E1-D1AB-476A-8BB9-009BF37A42DE}.Release|Any CPU.ActiveCfg = Release|Any CPU
		{FFE6F2E1-D1AB-476A-8BB9-009BF37A42DE}.Release|Any CPU.Build.0 = Release|Any CPU
		{48D0BF40-7442-4AF3-8DA0-80FE27299730}.Debug|Any CPU.ActiveCfg = Debug|Any CPU
		{48D0BF40-7442-4AF3-8DA0-80FE27299730}.Debug|Any CPU.Build.0 = Debug|Any CPU
		{48D0BF40-7442-4AF3-8DA0-80FE27299730}.Release|Any CPU.ActiveCfg = Release|Any CPU
		{48D0BF40-7442-4AF3-8DA0-80FE27299730}.Release|Any CPU.Build.0 = Release|Any CPU
		{44742FDE-2D46-4642-9D3A-4C67091B8FA7}.Debug|Any CPU.ActiveCfg = Debug|Any CPU
		{44742FDE-2D46-4642-9D3A-4C67091B8FA7}.Debug|Any CPU.Build.0 = Debug|Any CPU
		{44742FDE-2D46-4642-9D3A-4C67091B8FA7}.Release|Any CPU.ActiveCfg = Release|Any CPU
		{44742FDE-2D46-4642-9D3A-4C67091B8FA7}.Release|Any CPU.Build.0 = Release|Any CPU
		{303A3CAE-A705-4C95-BCB6-87B79113ECDA}.Debug|Any CPU.ActiveCfg = Debug|Any CPU
		{303A3CAE-A705-4C95-BCB6-87B79113ECDA}.Debug|Any CPU.Build.0 = Debug|Any CPU
		{303A3CAE-A705-4C95-BCB6-87B79113ECDA}.Release|Any CPU.ActiveCfg = Release|Any CPU
		{303A3CAE-A705-4C95-BCB6-87B79113ECDA}.Release|Any CPU.Build.0 = Release|Any CPU
		{CA855512-A846-4974-8272-FE8DFEF82E62}.Debug|Any CPU.ActiveCfg = Debug|Any CPU
		{CA855512-A846-4974-8272-FE8DFEF82E62}.Debug|Any CPU.Build.0 = Debug|Any CPU
		{CA855512-A846-4974-8272-FE8DFEF82E62}.Release|Any CPU.ActiveCfg = Release|Any CPU
		{CA855512-A846-4974-8272-FE8DFEF82E62}.Release|Any CPU.Build.0 = Release|Any CPU
		{3521F2DA-31F7-4A83-86EC-DC52CA3C59E4}.Debug|Any CPU.ActiveCfg = Debug|Any CPU
		{3521F2DA-31F7-4A83-86EC-DC52CA3C59E4}.Debug|Any CPU.Build.0 = Debug|Any CPU
		{3521F2DA-31F7-4A83-86EC-DC52CA3C59E4}.Release|Any CPU.ActiveCfg = Release|Any CPU
		{3521F2DA-31F7-4A83-86EC-DC52CA3C59E4}.Release|Any CPU.Build.0 = Release|Any CPU
		{1B9F5549-C67A-4F80-899A-821691CC0A0B}.Debug|Any CPU.ActiveCfg = Debug|Any CPU
		{1B9F5549-C67A-4F80-899A-821691CC0A0B}.Debug|Any CPU.Build.0 = Debug|Any CPU
		{1B9F5549-C67A-4F80-899A-821691CC0A0B}.Release|Any CPU.ActiveCfg = Release|Any CPU
		{1B9F5549-C67A-4F80-899A-821691CC0A0B}.Release|Any CPU.Build.0 = Release|Any CPU
		{AAB08EF1-1CF0-48E2-8CF7-C395DC3BE21B}.Debug|Any CPU.ActiveCfg = Debug|Any CPU
		{AAB08EF1-1CF0-48E2-8CF7-C395DC3BE21B}.Debug|Any CPU.Build.0 = Debug|Any CPU
		{AAB08EF1-1CF0-48E2-8CF7-C395DC3BE21B}.Release|Any CPU.ActiveCfg = Release|Any CPU
		{AAB08EF1-1CF0-48E2-8CF7-C395DC3BE21B}.Release|Any CPU.Build.0 = Release|Any CPU
		{0CFC966F-C4FB-4071-881D-DD96641EA7F3}.Debug|Any CPU.ActiveCfg = Debug|Any CPU
		{0CFC966F-C4FB-4071-881D-DD96641EA7F3}.Debug|Any CPU.Build.0 = Debug|Any CPU
		{0CFC966F-C4FB-4071-881D-DD96641EA7F3}.Release|Any CPU.ActiveCfg = Release|Any CPU
		{0CFC966F-C4FB-4071-881D-DD96641EA7F3}.Release|Any CPU.Build.0 = Release|Any CPU
		{B0951011-EF6D-4475-8C57-2C44A271E5F8}.Debug|Any CPU.ActiveCfg = Debug|Any CPU
		{B0951011-EF6D-4475-8C57-2C44A271E5F8}.Debug|Any CPU.Build.0 = Debug|Any CPU
		{B0951011-EF6D-4475-8C57-2C44A271E5F8}.Release|Any CPU.ActiveCfg = Release|Any CPU
		{B0951011-EF6D-4475-8C57-2C44A271E5F8}.Release|Any CPU.Build.0 = Release|Any CPU
		{D33CDD2E-0E15-4C90-BABA-A7C0BCBED6BE}.Debug|Any CPU.ActiveCfg = Debug|Any CPU
		{D33CDD2E-0E15-4C90-BABA-A7C0BCBED6BE}.Debug|Any CPU.Build.0 = Debug|Any CPU
		{D33CDD2E-0E15-4C90-BABA-A7C0BCBED6BE}.Release|Any CPU.ActiveCfg = Release|Any CPU
		{D33CDD2E-0E15-4C90-BABA-A7C0BCBED6BE}.Release|Any CPU.Build.0 = Release|Any CPU
		{742557BC-D336-435E-BC5D-28451DBC38BC}.Debug|Any CPU.ActiveCfg = Debug|Any CPU
		{742557BC-D336-435E-BC5D-28451DBC38BC}.Debug|Any CPU.Build.0 = Debug|Any CPU
		{742557BC-D336-435E-BC5D-28451DBC38BC}.Release|Any CPU.ActiveCfg = Release|Any CPU
		{742557BC-D336-435E-BC5D-28451DBC38BC}.Release|Any CPU.Build.0 = Release|Any CPU
	EndGlobalSection
	GlobalSection(SolutionProperties) = preSolution
		HideSolutionNode = FALSE
	EndGlobalSection
	GlobalSection(ExtensibilityGlobals) = postSolution
		SolutionGuid = {70CA5946-0C4E-4B89-9987-0EC439728EE2}
	EndGlobalSection
EndGlobal
